
Microsoft Visual Studio Solution File, Format Version 12.00
# Visual Studio Version 16
VisualStudioVersion = 16.0.29424.173
MinimumVisualStudioVersion = 10.0.40219.1
Project("{FAE04EC0-301F-11D3-BF4B-00C04F79EFBC}") = "Bookstore", "Bookstore.csproj", "{4573B3E0-B785-423E-8796-7E791DE0FC11}"
EndProject
Global
	GlobalSection(SolutionConfigurationPlatforms) = preSolution
		Debug|Any CPU = Debug|Any CPU
		Release|Any CPU = Release|Any CPU
	EndGlobalSection
	GlobalSection(ProjectConfigurationPlatforms) = postSolution
		{4573B3E0-B785-423E-8796-7E791DE0FC11}.Debug|Any CPU.ActiveCfg = Debug|Any CPU
		{4573B3E0-B785-423E-8796-7E791DE0FC11}.Debug|Any CPU.Build.0 = Debug|Any CPU
		{4573B3E0-B785-423E-8796-7E791DE0FC11}.Release|Any CPU.ActiveCfg = Release|Any CPU
		{4573B3E0-B785-423E-8796-7E791DE0FC11}.Release|Any CPU.Build.0 = Release|Any CPU
	EndGlobalSection
	GlobalSection(SolutionProperties) = preSolution
		HideSolutionNode = FALSE
	EndGlobalSection
	GlobalSection(ExtensibilityGlobals) = postSolution
		SolutionGuid = {DBD222B7-9872-458B-B5FB-A4A9BAA354E9}
	EndGlobalSection
EndGlobal
